// !$*UTF8*$!
{
	archiveVersion = 1;
	classes = {
	};
	objectVersion = 46;
	objects = {

		4BAD266D54C70511C5CC2D4A = {isa = PBXBuildFile; fileRef = 9EB2C15535DE75A486292E33; };
		F3CA55034DB50C26513EC732 = {isa = PBXBuildFile; fileRef = F325F693F699174D735AB943; };
		AC31F0FCFCD43DBAB3318511 = {isa = PBXBuildFile; fileRef = 2E5EA5449DC532C5CB3AD471; };
		8BBDC8DFC4B70A3C2DF5F54F = {isa = PBXBuildFile; fileRef = F83D95726E53715491160A04; };
		ABADAA41354B882F56428B4F = {isa = PBXBuildFile; fileRef = 04E5E652F8492F76EE14D8C0; };
		D04D0DE6730604F4C9B4E8C8 = {isa = PBXBuildFile; fileRef = 4E709502DFB0FD89F622088F; };
		ACB3327DE0949ACD024B38D3 = {isa = PBXBuildFile; fileRef = 4B7D35183FCBBC0049660F3D; };
		EED90B1E50A2F68FAA4F1B19 = {isa = PBXBuildFile; fileRef = 7F16DEE46D829CA63A892DF7; };
		215F157C4054AFDFF56C1ED4 = {isa = PBXBuildFile; fileRef = 99D1068A9BCE947C95AD324B; };
		FC634D2F6BC7961EA072EADE = {isa = PBXBuildFile; fileRef = B1EDC36D429FE1BFF1A67AC2; };
		70BCA69C315EE5F39EFEA4BF = {isa = PBXBuildFile; fileRef = C664B3C5E5FDC420916ECEDF; };
		5C81DFCC7ECAA359023B7893 = {isa = PBXBuildFile; fileRef = 1CEC8132FB8CA67D77F5CE2D; };
		DF4E9CFB30A2559FE6219D74 = {isa = PBXBuildFile; fileRef = FCFD440623BBE685B4D649C9; };
		EB3C479873A755A25C4C841F = {isa = PBXBuildFile; fileRef = C7CE1F314C918E75FC6034D1; };
		D7CE82992433EAB30231C9DD = {isa = PBXBuildFile; fileRef = 3AB4A683E38D94301E136FC3; };
		F0A6947149F62FD6E746F7A5 = {isa = PBXBuildFile; fileRef = 54B5437F3634F51EB781B8F9; };
		7EBF6B83C73F38126B38A69C = {isa = PBXBuildFile; fileRef = 5A1B1492CCA5E8570F6EBE53; };
		E405420C4E0E81D12BA57C4C = {isa = PBXBuildFile; fileRef = 97425A81310A6B3DA9052C64; };
		1E18390BE01BE23B7A55D43D = {isa = PBXBuildFile; fileRef = 4E1E86E835685FD7E8D206E9; };
		8412B1DCB247B7A4F7F4952C = {isa = PBXBuildFile; fileRef = A84D59E763DE57FFBCC93951; };
		A423EF1901ECF6EEE47AA046 = {isa = PBXBuildFile; fileRef = 16218DC85B8609665F51E12B; };
		A682C7CEC3345A4970FDA246 = {isa = PBXBuildFile; fileRef = E54537B376516B55CC749254; };
		4CF009A8B11567C1576F9E6E = {isa = PBXBuildFile; fileRef = 5AACBC7E4E39E7F834255D65; };
		ECA3CB941A763D874DD48AC1 = {isa = PBXBuildFile; fileRef = 5B5288846816BB6CA31941CF; };
		F97BF09D69F023B1117C5835 = {isa = PBXBuildFile; fileRef = CC49CB251D429FF9D55B4787; };
		4FF6ED7DC712F9890FCBB630 = {isa = PBXBuildFile; fileRef = E81BD19868B4BB23A364C7A5; };
		07DCA949D7D1F551615DE958 = {isa = PBXBuildFile; fileRef = EA03F11E9563274630D716C9; };
		7D7E514524DC555FD61432A2 = {isa = PBXBuildFile; fileRef = 16837085F350F295F572C82F; };
		AECCC749E21C6C53330B2D68 = {isa = PBXBuildFile; fileRef = 90017A62ABD5B3EEAE95CD0F; };
		CD01AB399686D26CEEEB01D4 = {isa = PBXBuildFile; fileRef = B895764AE45575541C471C99; };
		F9199AEB8C886B44DE6A1CB1 = {isa = PBXBuildFile; fileRef = 4C2A308FBF5CC18940AE72D9; };
		FD91B16BFFD062C7668418E7 = {isa = PBXBuildFile; fileRef = CF0B2F77AE3B2FE8ADE60F71; };
		9AC5BAF3345133B2B2DA5EFA = {isa = PBXBuildFile; fileRef = CB9792B1D08DEBA12005BA78; };
		721992B046A6D61C7724B3AD = {isa = PBXBuildFile; fileRef = DD5AF9416C151EB540D9CCE4; };
		9DD9952E525480E77B4ED304 = {isa = PBXBuildFile; fileRef = 4C29A7897BF479AE2272B8E0; };
		5A743E5DA4A01E51DACABB72 = {isa = PBXBuildFile; fileRef = 071A31184D52419C1077D4C3; };
		F04C6826EEA37E4AE8A2802D = {isa = PBXBuildFile; fileRef = B69A02408C2C34BF6242AE66; };
		01EC95F3A775FA778E605C58 = {isa = PBXBuildFile; fileRef = 56D0F307BF33297D862756DE; };
		4EB59B38753E02AB22389B70 = {isa = PBXBuildFile; fileRef = 40429BA516AD5C39B1A08127; };
		6BBFBCC71B5BC0D685089E34 = {isa = PBXBuildFile; fileRef = FE5190B5995011D45DA98E37; };
		36CF46A3B95EEF538D119736 = {isa = PBXBuildFile; fileRef = 4E5894026300C039FDC5B510; };
		AB49FB6533D32C0A0E22215F = {isa = PBXBuildFile; fileRef = 7D5E2FB894791BC03598F0AA; };
		7EA01A676E429540E3F05CD2 = {isa = PBXBuildFile; fileRef = 4D5875B24C715915B01FF44A; };
		A428B165B0546691A190B2F4 = {isa = PBXBuildFile; fileRef = 57138936C77A57948499C3A4; };
		C9BA11471AFDA3208C2494F4 = {isa = PBXBuildFile; fileRef = 6E220BE255592E9D22ACB24C; };
		387444C9FF55F2EA154A9B1E = {isa = PBXBuildFile; fileRef = E92A5BFB7C91453118356E81; };
		95DC6AD16DC2D2BB37A1FAFC = {isa = PBXBuildFile; fileRef = 7FA480F27A4201F7C1AF3710; };
		670192CED42437948F514A9B = {isa = PBXBuildFile; fileRef = FE50DB5E7B008FDC8837B39A; };
		4E3625E9ACE0F69C7A3D465B = {isa = PBXBuildFile; fileRef = D83AD2045330F6198B350DA8; };
		A9B4FC2E785724CC1BF9158E = {isa = PBXBuildFile; fileRef = 9EFA8F40D5F0E963C51233A2; };
		31E3DBFE3689BA138EAFDCD3 = {isa = PBXBuildFile; fileRef = 471D2DA4F77738F73EDA55C1; };
		303F25750901AF396EF20ACD = {isa = PBXBuildFile; fileRef = E5A658D6C2C07BBF435A049B; };
		4800F810AA6C51BEA2A4633D = {isa = PBXBuildFile; fileRef = 5AA4C5675C61C61CCB6E330A; };
		0276065C4A1FCA165B8831D9 = {isa = PBXFileReference; lastKnownFileType = sourcecode.c.h; name = AserveRootGUI.h; path = ../../Source/GUI/AserveRootGUI.h; sourceTree = "SOURCE_ROOT"; };
		04E5E652F8492F76EE14D8C0 = {isa = PBXFileReference; lastKnownFileType = wrapper.framework; name = AVKit.framework; path = System/Library/Frameworks/AVKit.framework; sourceTree = SDKROOT; };
		071A31184D52419C1077D4C3 = {isa = PBXFileReference; lastKnownFileType = sourcecode.cpp.cpp; name = MainComponent.cpp; path = ../../Source/MainComponent.cpp; sourceTree = "SOURCE_ROOT"; };
		0B78B58B1F1B28268928065B = {isa = PBXFileReference; lastKnownFileType = sourcecode.c.h; name = DrumPadComponent.h; path = ../../Source/Impulse/DrumPadComponent.h; sourceTree = "SOURCE_ROOT"; };
		11876E6B27FF52AA5E1EC00D = {isa = PBXFileReference; lastKnownFileType = file; name = "juce_events"; path = "../../JuceLibraryCode/modules/juce_events"; sourceTree = "SOURCE_ROOT"; };
		13CAAF0B3FF75D0A312686F9 = {isa = PBXFileReference; lastKnownFileType = sourcecode.c.h; name = OscillatorManager.h; path = ../../Source/Audio/OscillatorManager.h; sourceTree = "SOURCE_ROOT"; };
		16218DC85B8609665F51E12B = {isa = PBXFileReference; lastKnownFileType = sourcecode.cpp.cpp; name = AudioMain.cpp; path = ../../Source/Audio/AudioMain.cpp; sourceTree = "SOURCE_ROOT"; };
		16837085F350F295F572C82F = {isa = PBXFileReference; lastKnownFileType = sourcecode.cpp.cpp; name = MidiManager.cpp; path = ../../Source/Impulse/MidiManager.cpp; sourceTree = "SOURCE_ROOT"; };
		169ABC366CBC289A8FF52E81 = {isa = PBXFileReference; lastKnownFileType = file; name = "juce_video"; path = "../../JuceLibraryCode/modules/juce_video"; sourceTree = "SOURCE_ROOT"; };
		18B93F2B4F0E26922E5C59D6 = {isa = PBXFileReference; lastKnownFileType = sourcecode.c.h; name = AserveOscillators.h; path = ../../Source/Audio/AserveOscillators.h; sourceTree = "SOURCE_ROOT"; };
		1CEC8132FB8CA67D77F5CE2D = {isa = PBXFileReference; lastKnownFileType = wrapper.framework; name = IOKit.framework; path = System/Library/Frameworks/IOKit.framework; sourceTree = SDKROOT; };
		22366527E2AFAE2D8B2BFD11 = {isa = PBXFileReference; lastKnownFileType = sourcecode.c.h; name = AppConfig.h; path = ../../JuceLibraryCode/AppConfig.h; sourceTree = "SOURCE_ROOT"; };
		2E5EA5449DC532C5CB3AD471 = {isa = PBXFileReference; lastKnownFileType = wrapper.framework; name = AudioToolbox.framework; path = System/Library/Frameworks/AudioToolbox.framework; sourceTree = SDKROOT; };
		3AB4A683E38D94301E136FC3 = {isa = PBXFileReference; lastKnownFileType = wrapper.framework; name = WebKit.framework; path = System/Library/Frameworks/WebKit.framework; sourceTree = SDKROOT; };
		3E32F1C058DBD3FC267955FE = {isa = PBXFileReference; lastKnownFileType = sourcecode.c.h; name = SliderControlComponent.h; path = ../../Source/Impulse/SliderControlComponent.h; sourceTree = "SOURCE_ROOT"; };
		3E5298142AA4B21F243149B0 = {isa = PBXFileReference; lastKnownFileType = sourcecode.c.h; name = Scope.h; path = ../../Source/GUI/Scope.h; sourceTree = "SOURCE_ROOT"; };
		40429BA516AD5C39B1A08127 = {isa = PBXFileReference; lastKnownFileType = sourcecode.cpp.objcpp; name = "include_juce_audio_basics.mm"; path = "../../JuceLibraryCode/include_juce_audio_basics.mm"; sourceTree = "SOURCE_ROOT"; };
		41935231D9A4459CBA7ECB4C = {isa = PBXFileReference; lastKnownFileType = file; name = "juce_audio_devices"; path = "../../JuceLibraryCode/modules/juce_audio_devices"; sourceTree = "SOURCE_ROOT"; };
		46372D5D37F1F8E80D32717D = {isa = PBXFileReference; lastKnownFileType = sourcecode.c.h; name = AudioMain.h; path = ../../Source/Audio/AudioMain.h; sourceTree = "SOURCE_ROOT"; };
		471D2DA4F77738F73EDA55C1 = {isa = PBXFileReference; lastKnownFileType = sourcecode.cpp.objcpp; name = "include_juce_opengl.mm"; path = "../../JuceLibraryCode/include_juce_opengl.mm"; sourceTree = "SOURCE_ROOT"; };
		4A745CE13363691560632D19 = {isa = PBXFileReference; lastKnownFileType = sourcecode.c.h; name = JuceHeader.h; path = ../../JuceLibraryCode/JuceHeader.h; sourceTree = "SOURCE_ROOT"; };
		4B7D35183FCBBC0049660F3D = {isa = PBXFileReference; lastKnownFileType = wrapper.framework; name = Cocoa.framework; path = System/Library/Frameworks/Cocoa.framework; sourceTree = SDKROOT; };
		4C29A7897BF479AE2272B8E0 = {isa = PBXFileReference; lastKnownFileType = sourcecode.cpp.cpp; name = MIDIIO.cpp; path = ../../Source/MIDIIO.cpp; sourceTree = "SOURCE_ROOT"; };
		4C2A308FBF5CC18940AE72D9 = {isa = PBXFileReference; lastKnownFileType = sourcecode.cpp.cpp; name = RotaryControlComponent.cpp; path = ../../Source/Impulse/RotaryControlComponent.cpp; sourceTree = "SOURCE_ROOT"; };
		4D5875B24C715915B01FF44A = {isa = PBXFileReference; lastKnownFileType = sourcecode.cpp.objcpp; name = "include_juce_audio_utils.mm"; path = "../../JuceLibraryCode/include_juce_audio_utils.mm"; sourceTree = "SOURCE_ROOT"; };
		4E1E86E835685FD7E8D206E9 = {isa = PBXFileReference; lastKnownFileType = sourcecode.cpp.cpp; name = AudioFilePlayer.cpp; path = ../../Source/Audio/AudioFilePlayer.cpp; sourceTree = "SOURCE_ROOT"; };
		4E5894026300C039FDC5B510 = {isa = PBXFileReference; lastKnownFileType = sourcecode.cpp.objcpp; name = "include_juce_audio_formats.mm"; path = "../../JuceLibraryCode/include_juce_audio_formats.mm"; sourceTree = "SOURCE_ROOT"; };
		4E709502DFB0FD89F622088F = {isa = PBXFileReference; lastKnownFileType = wrapper.framework; name = Carbon.framework; path = System/Library/Frameworks/Carbon.framework; sourceTree = SDKROOT; };
		50728C2C995F18ED349C91B0 = {isa = PBXFileReference; lastKnownFileType = sourcecode.c.h; name = RotaryControlComponent.h; path = ../../Source/Impulse/RotaryControlComponent.h; sourceTree = "SOURCE_ROOT"; };
		52C11C74668801D4C59E296D = {isa = PBXFileReference; lastKnownFileType = file; name = "juce_graphics"; path = "../../JuceLibraryCode/modules/juce_graphics"; sourceTree = "SOURCE_ROOT"; };
		54B5437F3634F51EB781B8F9 = {isa = PBXFileReference; lastKnownFileType = file.nib; name = RecentFilesMenuTemplate.nib; path = RecentFilesMenuTemplate.nib; sourceTree = "SOURCE_ROOT"; };
		55DFC92CF0487A39CC13C04D = {isa = PBXFileReference; lastKnownFileType = file; name = "juce_osc"; path = "../../JuceLibraryCode/modules/juce_osc"; sourceTree = "SOURCE_ROOT"; };
		55E40DB41B19DB931E59E779 = {isa = PBXFileReference; lastKnownFileType = sourcecode.c.h; name = AudioFilePlayerManager.h; path = ../../Source/Audio/AudioFilePlayerManager.h; sourceTree = "SOURCE_ROOT"; };
		56D0F307BF33297D862756DE = {isa = PBXFileReference; lastKnownFileType = sourcecode.cpp.cpp; name = LiveTextParser.cpp; path = ../../Source/TextParser/LiveTextParser.cpp; sourceTree = "SOURCE_ROOT"; };
		57138936C77A57948499C3A4 = {isa = PBXFileReference; lastKnownFileType = sourcecode.cpp.objcpp; name = "include_juce_core.mm"; path = "../../JuceLibraryCode/include_juce_core.mm"; sourceTree = "SOURCE_ROOT"; };
		5A1B1492CCA5E8570F6EBE53 = {isa = PBXFileReference; lastKnownFileType = sourcecode.cpp.cpp; name = AserveAudio.cpp; path = ../../Source/Audio/AserveAudio.cpp; sourceTree = "SOURCE_ROOT"; };
		5AA4C5675C61C61CCB6E330A = {isa = PBXFileReference; lastKnownFileType = sourcecode.cpp.objcpp; name = "include_juce_video.mm"; path = "../../JuceLibraryCode/include_juce_video.mm"; sourceTree = "SOURCE_ROOT"; };
		5AACBC7E4E39E7F834255D65 = {isa = PBXFileReference; lastKnownFileType = sourcecode.cpp.cpp; name = AserveRootGUI.cpp; path = ../../Source/GUI/AserveRootGUI.cpp; sourceTree = "SOURCE_ROOT"; };
		5B5288846816BB6CA31941CF = {isa = PBXFileReference; lastKnownFileType = sourcecode.cpp.cpp; name = BitVisualiser.cpp; path = ../../Source/GUI/BitVisualiser.cpp; sourceTree = "SOURCE_ROOT"; };
		6440DBF3C77BAEF44D602DF9 = {isa = PBXFileReference; lastKnownFileType = sourcecode.c.h; name = MidiManager.h; path = ../../Source/Impulse/MidiManager.h; sourceTree = "SOURCE_ROOT"; };
		68E94A30FE6E5B5B6C1123B5 = {isa = PBXFileReference; lastKnownFileType = file; name = "juce_gui_basics"; path = "../../JuceLibraryCode/modules/juce_gui_basics"; sourceTree = "SOURCE_ROOT"; };
		68FE8443B5B2353984A3F871 = {isa = PBXFileReference; lastKnownFileType = sourcecode.c.h; name = MIDIIO.h; path = ../../Source/MIDIIO.h; sourceTree = "SOURCE_ROOT"; };
		6A26DC7DB383D56BD166B76D = {isa = PBXFileReference; lastKnownFileType = sourcecode.c.h; name = AserveAudio.h; path = ../../Source/Audio/AserveAudio.h; sourceTree = "SOURCE_ROOT"; };
		6E220BE255592E9D22ACB24C = {isa = PBXFileReference; lastKnownFileType = sourcecode.cpp.objcpp; name = "include_juce_cryptography.mm"; path = "../../JuceLibraryCode/include_juce_cryptography.mm"; sourceTree = "SOURCE_ROOT"; };
		7D5E2FB894791BC03598F0AA = {isa = PBXFileReference; lastKnownFileType = sourcecode.cpp.objcpp; name = "include_juce_audio_processors.mm"; path = "../../JuceLibraryCode/include_juce_audio_processors.mm"; sourceTree = "SOURCE_ROOT"; };
		7F16DEE46D829CA63A892DF7 = {isa = PBXFileReference; lastKnownFileType = wrapper.framework; name = CoreAudio.framework; path = System/Library/Frameworks/CoreAudio.framework; sourceTree = SDKROOT; };
		7FA480F27A4201F7C1AF3710 = {isa = PBXFileReference; lastKnownFileType = sourcecode.cpp.objcpp; name = "include_juce_events.mm"; path = "../../JuceLibraryCode/include_juce_events.mm"; sourceTree = "SOURCE_ROOT"; };
		8009260715C7427393FC8E32 = {isa = PBXFileReference; lastKnownFileType = file; name = "juce_audio_basics"; path = "../../JuceLibraryCode/modules/juce_audio_basics"; sourceTree = "SOURCE_ROOT"; };
		849A72E0ACB9D9BFB1629D11 = {isa = PBXFileReference; lastKnownFileType = file; name = "juce_gui_extra"; path = "../../JuceLibraryCode/modules/juce_gui_extra"; sourceTree = "SOURCE_ROOT"; };
		90017A62ABD5B3EEAE95CD0F = {isa = PBXFileReference; lastKnownFileType = sourcecode.cpp.cpp; name = PitchModComponent.cpp; path = ../../Source/Impulse/PitchModComponent.cpp; sourceTree = "SOURCE_ROOT"; };
		95E7328918707CED380E5185 = {isa = PBXFileReference; lastKnownFileType = text.plist.xml; name = "Info-App.plist"; path = "Info-App.plist"; sourceTree = "SOURCE_ROOT"; };
		97425A81310A6B3DA9052C64 = {isa = PBXFileReference; lastKnownFileType = sourcecode.cpp.cpp; name = AserveOscillators.cpp; path = ../../Source/Audio/AserveOscillators.cpp; sourceTree = "SOURCE_ROOT"; };
		99D1068A9BCE947C95AD324B = {isa = PBXFileReference; lastKnownFileType = wrapper.framework; name = CoreMedia.framework; path = System/Library/Frameworks/CoreMedia.framework; sourceTree = SDKROOT; };
		9EB2C15535DE75A486292E33 = {isa = PBXFileReference; explicitFileType = wrapper.application; includeInIndex = 0; path = "Aserve 2.0.app"; sourceTree = "BUILT_PRODUCTS_DIR"; };
		9EFA8F40D5F0E963C51233A2 = {isa = PBXFileReference; lastKnownFileType = sourcecode.cpp.objcpp; name = "include_juce_gui_extra.mm"; path = "../../JuceLibraryCode/include_juce_gui_extra.mm"; sourceTree = "SOURCE_ROOT"; };
		A282E4DE1B0632381E9FE68F = {isa = PBXFileReference; lastKnownFileType = file; name = "juce_opengl"; path = "../../JuceLibraryCode/modules/juce_opengl"; sourceTree = "SOURCE_ROOT"; };
		A84D59E763DE57FFBCC93951 = {isa = PBXFileReference; lastKnownFileType = sourcecode.cpp.cpp; name = AudioFilePlayerManager.cpp; path = ../../Source/Audio/AudioFilePlayerManager.cpp; sourceTree = "SOURCE_ROOT"; };
		A9DA6875EC61CB5CB44DF85E = {isa = PBXFileReference; lastKnownFileType = sourcecode.c.h; name = ImpulseComponent.h; path = ../../Source/Impulse/ImpulseComponent.h; sourceTree = "SOURCE_ROOT"; };
		B1EDC36D429FE1BFF1A67AC2 = {isa = PBXFileReference; lastKnownFileType = wrapper.framework; name = CoreMIDI.framework; path = System/Library/Frameworks/CoreMIDI.framework; sourceTree = SDKROOT; };
		B59DBF0288AFE4B98189AB41 = {isa = PBXFileReference; lastKnownFileType = sourcecode.c.h; name = LiveTextParser.h; path = ../../Source/TextParser/LiveTextParser.h; sourceTree = "SOURCE_ROOT"; };
		B69A02408C2C34BF6242AE66 = {isa = PBXFileReference; lastKnownFileType = sourcecode.cpp.cpp; name = Main.cpp; path = ../../Source/Main.cpp; sourceTree = "SOURCE_ROOT"; };
		B895764AE45575541C471C99 = {isa = PBXFileReference; lastKnownFileType = sourcecode.cpp.cpp; name = ProgButtonComponent.cpp; path = ../../Source/Impulse/ProgButtonComponent.cpp; sourceTree = "SOURCE_ROOT"; };
		C664B3C5E5FDC420916ECEDF = {isa = PBXFileReference; lastKnownFileType = wrapper.framework; name = DiscRecording.framework; path = System/Library/Frameworks/DiscRecording.framework; sourceTree = SDKROOT; };
		C736596DE2088951DF2FAE10 = {isa = PBXFileReference; lastKnownFileType = file; name = "juce_audio_formats"; path = "../../JuceLibraryCode/modules/juce_audio_formats"; sourceTree = "SOURCE_ROOT"; };
		C7CE1F314C918E75FC6034D1 = {isa = PBXFileReference; lastKnownFileType = wrapper.framework; name = QuartzCore.framework; path = System/Library/Frameworks/QuartzCore.framework; sourceTree = SDKROOT; };
		CB9792B1D08DEBA12005BA78 = {isa = PBXFileReference; lastKnownFileType = sourcecode.cpp.cpp; name = TransportButtonComponent.cpp; path = ../../Source/Impulse/TransportButtonComponent.cpp; sourceTree = "SOURCE_ROOT"; };
		CC49CB251D429FF9D55B4787 = {isa = PBXFileReference; lastKnownFileType = sourcecode.cpp.cpp; name = Scope.cpp; path = ../../Source/GUI/Scope.cpp; sourceTree = "SOURCE_ROOT"; };
		CF0B2F77AE3B2FE8ADE60F71 = {isa = PBXFileReference; lastKnownFileType = sourcecode.cpp.cpp; name = SliderControlComponent.cpp; path = ../../Source/Impulse/SliderControlComponent.cpp; sourceTree = "SOURCE_ROOT"; };
		D5A83E0D69614293A67DC7C2 = {isa = PBXFileReference; lastKnownFileType = sourcecode.c.h; name = TransportButtonComponent.h; path = ../../Source/Impulse/TransportButtonComponent.h; sourceTree = "SOURCE_ROOT"; };
		D83AD2045330F6198B350DA8 = {isa = PBXFileReference; lastKnownFileType = sourcecode.cpp.objcpp; name = "include_juce_gui_basics.mm"; path = "../../JuceLibraryCode/include_juce_gui_basics.mm"; sourceTree = "SOURCE_ROOT"; };
		DA5B31B682DE6CB9BD3DED8E = {isa = PBXFileReference; lastKnownFileType = file; name = "juce_audio_processors"; path = "../../JuceLibraryCode/modules/juce_audio_processors"; sourceTree = "SOURCE_ROOT"; };
		DC076CED61BAFCCCB6DB790B = {isa = PBXFileReference; lastKnownFileType = sourcecode.c.h; name = BitVisualiser.h; path = ../../Source/GUI/BitVisualiser.h; sourceTree = "SOURCE_ROOT"; };
		DD5AF9416C151EB540D9CCE4 = {isa = PBXFileReference; lastKnownFileType = sourcecode.cpp.cpp; name = AserveComs.cpp; path = ../../Source/AserveComs.cpp; sourceTree = "SOURCE_ROOT"; };
		DFFAB6D4AC335C1A6E0FABC3 = {isa = PBXFileReference; lastKnownFileType = file; name = "juce_cryptography"; path = "../../JuceLibraryCode/modules/juce_cryptography"; sourceTree = "SOURCE_ROOT"; };
		E54537B376516B55CC749254 = {isa = PBXFileReference; lastKnownFileType = sourcecode.cpp.cpp; name = OscillatorManager.cpp; path = ../../Source/Audio/OscillatorManager.cpp; sourceTree = "SOURCE_ROOT"; };
		E5A658D6C2C07BBF435A049B = {isa = PBXFileReference; lastKnownFileType = sourcecode.cpp.cpp; name = "include_juce_osc.cpp"; path = "../../JuceLibraryCode/include_juce_osc.cpp"; sourceTree = "SOURCE_ROOT"; };
		E65BAE9A5F1AFCC07507F575 = {isa = PBXFileReference; lastKnownFileType = file; name = "juce_audio_utils"; path = "../../JuceLibraryCode/modules/juce_audio_utils"; sourceTree = "SOURCE_ROOT"; };
		E81BD19868B4BB23A364C7A5 = {isa = PBXFileReference; lastKnownFileType = sourcecode.cpp.cpp; name = DrumPadComponent.cpp; path = ../../Source/Impulse/DrumPadComponent.cpp; sourceTree = "SOURCE_ROOT"; };
		E92A5BFB7C91453118356E81 = {isa = PBXFileReference; lastKnownFileType = sourcecode.cpp.objcpp; name = "include_juce_data_structures.mm"; path = "../../JuceLibraryCode/include_juce_data_structures.mm"; sourceTree = "SOURCE_ROOT"; };
		EA03F11E9563274630D716C9 = {isa = PBXFileReference; lastKnownFileType = sourcecode.cpp.cpp; name = ImpulseComponent.cpp; path = ../../Source/Impulse/ImpulseComponent.cpp; sourceTree = "SOURCE_ROOT"; };
		ED7D5F9762F48484A2520449 = {isa = PBXFileReference; lastKnownFileType = sourcecode.c.h; name = AudioFilePlayer.h; path = ../../Source/Audio/AudioFilePlayer.h; sourceTree = "SOURCE_ROOT"; };
		EDAE0D73EEC8E551702000A8 = {isa = PBXFileReference; lastKnownFileType = file; name = "juce_data_structures"; path = "../../JuceLibraryCode/modules/juce_data_structures"; sourceTree = "SOURCE_ROOT"; };
		F1A015B5672856274FEFF61B = {isa = PBXFileReference; lastKnownFileType = sourcecode.c.h; name = AserveComs.h; path = ../../Source/AserveComs.h; sourceTree = "SOURCE_ROOT"; };
		F2C629D117408DB02D50C66D = {isa = PBXFileReference; lastKnownFileType = sourcecode.c.h; name = PitchModComponent.h; path = ../../Source/Impulse/PitchModComponent.h; sourceTree = "SOURCE_ROOT"; };
		F325F693F699174D735AB943 = {isa = PBXFileReference; lastKnownFileType = wrapper.framework; name = Accelerate.framework; path = System/Library/Frameworks/Accelerate.framework; sourceTree = SDKROOT; };
		F3834FBDECD8A69E8C05A00A = {isa = PBXFileReference; lastKnownFileType = sourcecode.c.h; name = ProgButtonComponent.h; path = ../../Source/Impulse/ProgButtonComponent.h; sourceTree = "SOURCE_ROOT"; };
		F83D95726E53715491160A04 = {isa = PBXFileReference; lastKnownFileType = wrapper.framework; name = AVFoundation.framework; path = System/Library/Frameworks/AVFoundation.framework; sourceTree = SDKROOT; };
		F8AEE9E75B5776A1AF344F48 = {isa = PBXFileReference; lastKnownFileType = file; name = "juce_core"; path = "../../JuceLibraryCode/modules/juce_core"; sourceTree = "SOURCE_ROOT"; };
		FCFD440623BBE685B4D649C9 = {isa = PBXFileReference; lastKnownFileType = wrapper.framework; name = OpenGL.framework; path = System/Library/Frameworks/OpenGL.framework; sourceTree = SDKROOT; };
		FE50DB5E7B008FDC8837B39A = {isa = PBXFileReference; lastKnownFileType = sourcecode.cpp.objcpp; name = "include_juce_graphics.mm"; path = "../../JuceLibraryCode/include_juce_graphics.mm"; sourceTree = "SOURCE_ROOT"; };
		FE5190B5995011D45DA98E37 = {isa = PBXFileReference; lastKnownFileType = sourcecode.cpp.objcpp; name = "include_juce_audio_devices.mm"; path = "../../JuceLibraryCode/include_juce_audio_devices.mm"; sourceTree = "SOURCE_ROOT"; };
		19AB23039B22A47C679C43BE = {isa = PBXGroup; children = (
					5A1B1492CCA5E8570F6EBE53,
					6A26DC7DB383D56BD166B76D,
					97425A81310A6B3DA9052C64,
					18B93F2B4F0E26922E5C59D6,
					4E1E86E835685FD7E8D206E9,
					ED7D5F9762F48484A2520449,
					A84D59E763DE57FFBCC93951,
					55E40DB41B19DB931E59E779,
					16218DC85B8609665F51E12B,
					46372D5D37F1F8E80D32717D,
					E54537B376516B55CC749254,
					13CAAF0B3FF75D0A312686F9, ); name = Audio; sourceTree = "<group>"; };
		E0D0BBB6FEF250E43BFB21DF = {isa = PBXGroup; children = (
					5AACBC7E4E39E7F834255D65,
					0276065C4A1FCA165B8831D9,
					5B5288846816BB6CA31941CF,
					DC076CED61BAFCCCB6DB790B,
					CC49CB251D429FF9D55B4787,
					3E5298142AA4B21F243149B0, ); name = GUI; sourceTree = "<group>"; };
		94F1B100EE6A2AAC7A4C1F11 = {isa = PBXGroup; children = (
					E81BD19868B4BB23A364C7A5,
					0B78B58B1F1B28268928065B,
					EA03F11E9563274630D716C9,
					A9DA6875EC61CB5CB44DF85E,
					16837085F350F295F572C82F,
					6440DBF3C77BAEF44D602DF9,
					90017A62ABD5B3EEAE95CD0F,
					F2C629D117408DB02D50C66D,
					B895764AE45575541C471C99,
					F3834FBDECD8A69E8C05A00A,
					4C2A308FBF5CC18940AE72D9,
					50728C2C995F18ED349C91B0,
					CF0B2F77AE3B2FE8ADE60F71,
					3E32F1C058DBD3FC267955FE,
					CB9792B1D08DEBA12005BA78,
					D5A83E0D69614293A67DC7C2, ); name = Impulse; sourceTree = "<group>"; };
		FD4EE9A8313092A9C0FC52BB = {isa = PBXGroup; children = (
					DD5AF9416C151EB540D9CCE4,
					F1A015B5672856274FEFF61B,
					4C29A7897BF479AE2272B8E0,
					68FE8443B5B2353984A3F871,
					071A31184D52419C1077D4C3,
					B69A02408C2C34BF6242AE66, ); name = Source; sourceTree = "<group>"; };
		C81F288686D434143DC0B9BC = {isa = PBXGroup; children = (
					56D0F307BF33297D862756DE,
					B59DBF0288AFE4B98189AB41, ); name = TextParser; sourceTree = "<group>"; };
		713C6935C177E721873829A9 = {isa = PBXGroup; children = (
					19AB23039B22A47C679C43BE,
					E0D0BBB6FEF250E43BFB21DF,
					94F1B100EE6A2AAC7A4C1F11,
					FD4EE9A8313092A9C0FC52BB,
					C81F288686D434143DC0B9BC, ); name = "Aserve 2.0"; sourceTree = "<group>"; };
		5D41ADCB2C51638B4D1B40D2 = {isa = PBXGroup; children = (
					8009260715C7427393FC8E32,
					41935231D9A4459CBA7ECB4C,
					C736596DE2088951DF2FAE10,
					DA5B31B682DE6CB9BD3DED8E,
					E65BAE9A5F1AFCC07507F575,
					F8AEE9E75B5776A1AF344F48,
					DFFAB6D4AC335C1A6E0FABC3,
					EDAE0D73EEC8E551702000A8,
					11876E6B27FF52AA5E1EC00D,
					52C11C74668801D4C59E296D,
					68E94A30FE6E5B5B6C1123B5,
					849A72E0ACB9D9BFB1629D11,
					A282E4DE1B0632381E9FE68F,
					55DFC92CF0487A39CC13C04D,
					169ABC366CBC289A8FF52E81, ); name = "JUCE Modules"; sourceTree = "<group>"; };
		75B6BE243AF3DB2771C2B868 = {isa = PBXGroup; children = (
					22366527E2AFAE2D8B2BFD11,
					40429BA516AD5C39B1A08127,
					FE5190B5995011D45DA98E37,
					4E5894026300C039FDC5B510,
					7D5E2FB894791BC03598F0AA,
					4D5875B24C715915B01FF44A,
					57138936C77A57948499C3A4,
					6E220BE255592E9D22ACB24C,
					E92A5BFB7C91453118356E81,
					7FA480F27A4201F7C1AF3710,
					FE50DB5E7B008FDC8837B39A,
					D83AD2045330F6198B350DA8,
					9EFA8F40D5F0E963C51233A2,
					471D2DA4F77738F73EDA55C1,
					E5A658D6C2C07BBF435A049B,
					5AA4C5675C61C61CCB6E330A,
					4A745CE13363691560632D19, ); name = "JUCE Library Code"; sourceTree = "<group>"; };
		F2ED700AA7F3338C36A46966 = {isa = PBXGroup; children = (
					95E7328918707CED380E5185,
					54B5437F3634F51EB781B8F9, ); name = Resources; sourceTree = "<group>"; };
		ED16035E3E9A16ABA9357944 = {isa = PBXGroup; children = (
					F325F693F699174D735AB943,
					2E5EA5449DC532C5CB3AD471,
					F83D95726E53715491160A04,
					04E5E652F8492F76EE14D8C0,
					4E709502DFB0FD89F622088F,
					4B7D35183FCBBC0049660F3D,
					7F16DEE46D829CA63A892DF7,
					99D1068A9BCE947C95AD324B,
					B1EDC36D429FE1BFF1A67AC2,
					C664B3C5E5FDC420916ECEDF,
					1CEC8132FB8CA67D77F5CE2D,
					FCFD440623BBE685B4D649C9,
					C7CE1F314C918E75FC6034D1,
					3AB4A683E38D94301E136FC3, ); name = Frameworks; sourceTree = "<group>"; };
		DD9E76C6739D620C000E5CDB = {isa = PBXGroup; children = (
					9EB2C15535DE75A486292E33, ); name = Products; sourceTree = "<group>"; };
		C3B87BD133B05A6777F170B2 = {isa = PBXGroup; children = (
					713C6935C177E721873829A9,
					5D41ADCB2C51638B4D1B40D2,
					75B6BE243AF3DB2771C2B868,
					F2ED700AA7F3338C36A46966,
					ED16035E3E9A16ABA9357944,
					DD9E76C6739D620C000E5CDB, ); name = Source; sourceTree = "<group>"; };
		F3B16F0A2CB1415148516E8A = {isa = XCBuildConfiguration; buildSettings = {
				CLANG_CXX_LANGUAGE_STANDARD = "c++11";
				CLANG_CXX_LIBRARY = "libc++";
				CLANG_LINK_OBJC_RUNTIME = NO;
				COMBINE_HIDPI_IMAGES = YES;
				CONFIGURATION_BUILD_DIR = "$(PROJECT_DIR)/build/$(CONFIGURATION)";
				COPY_PHASE_STRIP = NO;
				GCC_DYNAMIC_NO_PIC = NO;
				GCC_OPTIMIZATION_LEVEL = 0;
				GCC_PREPROCESSOR_DEFINITIONS = (
					"_DEBUG=1",
					"DEBUG=1",
					"JUCER_XCODE_MAC_F6D2F4CF=1",
					"JUCE_APP_VERSION=1.0.0",
					"JUCE_APP_VERSION_HEX=0x10000",
					"JucePlugin_Build_VST=0",
					"JucePlugin_Build_VST3=0",
					"JucePlugin_Build_AU=0",
					"JucePlugin_Build_AUv3=0",
					"JucePlugin_Build_RTAS=0",
					"JucePlugin_Build_AAX=0",
					"JucePlugin_Build_Standalone=0", );
				GCC_VERSION = com.apple.compilers.llvm.clang.1_0;
				HEADER_SEARCH_PATHS = ("../../JuceLibraryCode", "../../JuceLibraryCode/modules", "$(inherited)");
				INFOPLIST_FILE = Info-App.plist;
				INFOPLIST_PREPROCESS = NO;
				INSTALL_PATH = "$(HOME)/Applications";
				MACOSX_DEPLOYMENT_TARGET = 10.11;
				MACOSX_DEPLOYMENT_TARGET_ppc = 10.4;
				PRODUCT_BUNDLE_IDENTIFIER = com.yourcompany.Aserve2_0;
				SDKROOT_ppc = macosx10.5;
				USE_HEADERMAP = NO; }; name = Debug; };
		B48C60E8CF15BA8D60EB3CEA = {isa = XCBuildConfiguration; buildSettings = {
				CLANG_CXX_LANGUAGE_STANDARD = "c++11";
				CLANG_CXX_LIBRARY = "libc++";
				CLANG_LINK_OBJC_RUNTIME = NO;
				COMBINE_HIDPI_IMAGES = YES;
				CONFIGURATION_BUILD_DIR = "$(PROJECT_DIR)/build/$(CONFIGURATION)";
				DEAD_CODE_STRIPPING = YES;
				GCC_GENERATE_DEBUGGING_SYMBOLS = NO;
				GCC_OPTIMIZATION_LEVEL = 3;
				GCC_PREPROCESSOR_DEFINITIONS = (
					"_NDEBUG=1",
					"NDEBUG=1",
					"JUCER_XCODE_MAC_F6D2F4CF=1",
					"JUCE_APP_VERSION=1.0.0",
					"JUCE_APP_VERSION_HEX=0x10000",
					"JucePlugin_Build_VST=0",
					"JucePlugin_Build_VST3=0",
					"JucePlugin_Build_AU=0",
					"JucePlugin_Build_AUv3=0",
					"JucePlugin_Build_RTAS=0",
					"JucePlugin_Build_AAX=0",
					"JucePlugin_Build_Standalone=0", );
				GCC_SYMBOLS_PRIVATE_EXTERN = YES;
				GCC_VERSION = com.apple.compilers.llvm.clang.1_0;
				HEADER_SEARCH_PATHS = ("../../JuceLibraryCode", "../../JuceLibraryCode/modules", "$(inherited)");
				INFOPLIST_FILE = Info-App.plist;
				INFOPLIST_PREPROCESS = NO;
				INSTALL_PATH = "$(HOME)/Applications";
				LLVM_LTO = YES;
				MACOSX_DEPLOYMENT_TARGET = 10.11;
				MACOSX_DEPLOYMENT_TARGET_ppc = 10.4;
				PRODUCT_BUNDLE_IDENTIFIER = com.yourcompany.Aserve2_0;
				SDKROOT_ppc = macosx10.5;
				USE_HEADERMAP = NO; }; name = Release; };
		D0E78A9C8E9DC12F4206ED26 = {isa = XCBuildConfiguration; buildSettings = {
				ALWAYS_SEARCH_USER_PATHS = NO;
				CLANG_WARN_BLOCK_CAPTURE_AUTORELEASING = YES;
				CLANG_WARN_BOOL_CONVERSION = YES;
				CLANG_WARN_COMMA = YES;
				CLANG_WARN_CONSTANT_CONVERSION = YES;
				CLANG_WARN_EMPTY_BODY = YES;
				CLANG_WARN_ENUM_CONVERSION = YES;
				CLANG_WARN_INFINITE_RECURSION = YES;
				CLANG_WARN_INT_CONVERSION = YES;
				CLANG_WARN_NON_LITERAL_NULL_CONVERSION = YES;
				CLANG_WARN_OBJC_LITERAL_CONVERSION = YES;
				CLANG_WARN_RANGE_LOOP_ANALYSIS = YES;
				CLANG_WARN_STRICT_PROTOTYPES = YES;
				CLANG_WARN_SUSPICIOUS_MOVE = YES;
				CLANG_WARN_UNREACHABLE_CODE = YES;
				CLANG_WARN__DUPLICATE_METHOD_MATCH = YES;
				DEBUG_INFORMATION_FORMAT = "dwarf";
				ENABLE_STRICT_OBJC_MSGSEND = YES;
				ENABLE_TESTABILITY = YES;
				GCC_C_LANGUAGE_STANDARD = c11;
				GCC_INLINES_ARE_PRIVATE_EXTERN = YES;
				GCC_MODEL_TUNING = G5;
				GCC_NO_COMMON_BLOCKS = YES;
				GCC_WARN_64_TO_32_BIT_CONVERSION = YES;
				GCC_WARN_ABOUT_RETURN_TYPE = YES;
				GCC_WARN_CHECK_SWITCH_STATEMENTS = YES;
				GCC_WARN_MISSING_PARENTHESES = YES;
				GCC_WARN_NON_VIRTUAL_DESTRUCTOR = YES;
				GCC_WARN_TYPECHECK_CALLS_TO_PRINTF = YES;
				GCC_WARN_UNDECLARED_SELECTOR = YES;
				GCC_WARN_UNINITIALIZED_AUTOS = YES;
				GCC_WARN_UNUSED_FUNCTION = YES;
				GCC_WARN_UNUSED_VARIABLE = YES;
				MACOSX_DEPLOYMENT_TARGET = 10.9;
				PRODUCT_NAME = "Aserve 2.0";
				WARNING_CFLAGS = -Wreorder;
				ZERO_LINK = NO; }; name = Debug; };
		6B50D8321B6C102A6D193085 = {isa = XCBuildConfiguration; buildSettings = {
				ALWAYS_SEARCH_USER_PATHS = NO;
				CLANG_WARN_BLOCK_CAPTURE_AUTORELEASING = YES;
				CLANG_WARN_BOOL_CONVERSION = YES;
				CLANG_WARN_COMMA = YES;
				CLANG_WARN_CONSTANT_CONVERSION = YES;
				CLANG_WARN_EMPTY_BODY = YES;
				CLANG_WARN_ENUM_CONVERSION = YES;
				CLANG_WARN_INFINITE_RECURSION = YES;
				CLANG_WARN_INT_CONVERSION = YES;
				CLANG_WARN_NON_LITERAL_NULL_CONVERSION = YES;
				CLANG_WARN_OBJC_LITERAL_CONVERSION = YES;
				CLANG_WARN_RANGE_LOOP_ANALYSIS = YES;
				CLANG_WARN_STRICT_PROTOTYPES = YES;
				CLANG_WARN_SUSPICIOUS_MOVE = YES;
				CLANG_WARN_UNREACHABLE_CODE = YES;
				CLANG_WARN__DUPLICATE_METHOD_MATCH = YES;
				DEBUG_INFORMATION_FORMAT = "dwarf";
				ENABLE_STRICT_OBJC_MSGSEND = YES;
				GCC_C_LANGUAGE_STANDARD = c11;
				GCC_INLINES_ARE_PRIVATE_EXTERN = YES;
				GCC_MODEL_TUNING = G5;
				GCC_NO_COMMON_BLOCKS = YES;
				GCC_WARN_64_TO_32_BIT_CONVERSION = YES;
				GCC_WARN_ABOUT_RETURN_TYPE = YES;
				GCC_WARN_CHECK_SWITCH_STATEMENTS = YES;
				GCC_WARN_MISSING_PARENTHESES = YES;
				GCC_WARN_NON_VIRTUAL_DESTRUCTOR = YES;
				GCC_WARN_TYPECHECK_CALLS_TO_PRINTF = YES;
				GCC_WARN_UNDECLARED_SELECTOR = YES;
				GCC_WARN_UNINITIALIZED_AUTOS = YES;
				GCC_WARN_UNUSED_FUNCTION = YES;
				GCC_WARN_UNUSED_VARIABLE = YES;
				MACOSX_DEPLOYMENT_TARGET = 10.9;
				ONLY_ACTIVE_ARCH = YES;
				PRODUCT_NAME = "Aserve 2.0";
				WARNING_CFLAGS = -Wreorder;
				ZERO_LINK = NO; }; name = Release; };
		708BA086610BDFF0060FBEDF = {isa = PBXTargetDependency; target = 69313BDF28E85400F740BB4D; };
		0F1C117104108BD2AE167353 = {isa = XCConfigurationList; buildConfigurations = (
					D0E78A9C8E9DC12F4206ED26,
					6B50D8321B6C102A6D193085, ); defaultConfigurationIsVisible = 0; defaultConfigurationName = Debug; };
		AB0A101228C417A2EF11CCCC = {isa = XCConfigurationList; buildConfigurations = (
					F3B16F0A2CB1415148516E8A,
					B48C60E8CF15BA8D60EB3CEA, ); defaultConfigurationIsVisible = 0; defaultConfigurationName = Debug; };
		6CB448578CAD6642E48D7A5A = {isa = PBXResourcesBuildPhase; buildActionMask = 2147483647; files = (
					F0A6947149F62FD6E746F7A5, ); runOnlyForDeploymentPostprocessing = 0; };
		9CC2ABF60C4AF708D5AEE114 = {isa = PBXSourcesBuildPhase; buildActionMask = 2147483647; files = (
					7EBF6B83C73F38126B38A69C,
					E405420C4E0E81D12BA57C4C,
					1E18390BE01BE23B7A55D43D,
					8412B1DCB247B7A4F7F4952C,
					A423EF1901ECF6EEE47AA046,
					A682C7CEC3345A4970FDA246,
					4CF009A8B11567C1576F9E6E,
					ECA3CB941A763D874DD48AC1,
					F97BF09D69F023B1117C5835,
					4FF6ED7DC712F9890FCBB630,
					07DCA949D7D1F551615DE958,
					7D7E514524DC555FD61432A2,
					AECCC749E21C6C53330B2D68,
					CD01AB399686D26CEEEB01D4,
					F9199AEB8C886B44DE6A1CB1,
					FD91B16BFFD062C7668418E7,
					9AC5BAF3345133B2B2DA5EFA,
					721992B046A6D61C7724B3AD,
					9DD9952E525480E77B4ED304,
					5A743E5DA4A01E51DACABB72,
					F04C6826EEA37E4AE8A2802D,
					01EC95F3A775FA778E605C58,
					4EB59B38753E02AB22389B70,
					6BBFBCC71B5BC0D685089E34,
					36CF46A3B95EEF538D119736,
					AB49FB6533D32C0A0E22215F,
					7EA01A676E429540E3F05CD2,
					A428B165B0546691A190B2F4,
					C9BA11471AFDA3208C2494F4,
					387444C9FF55F2EA154A9B1E,
					95DC6AD16DC2D2BB37A1FAFC,
					670192CED42437948F514A9B,
					4E3625E9ACE0F69C7A3D465B,
					A9B4FC2E785724CC1BF9158E,
					31E3DBFE3689BA138EAFDCD3,
					303F25750901AF396EF20ACD,
					4800F810AA6C51BEA2A4633D, ); runOnlyForDeploymentPostprocessing = 0; };
		CD49911484FF65D990A04FA4 = {isa = PBXFrameworksBuildPhase; buildActionMask = 2147483647; files = (
					F3CA55034DB50C26513EC732,
					AC31F0FCFCD43DBAB3318511,
					8BBDC8DFC4B70A3C2DF5F54F,
					ABADAA41354B882F56428B4F,
					D04D0DE6730604F4C9B4E8C8,
					ACB3327DE0949ACD024B38D3,
					EED90B1E50A2F68FAA4F1B19,
					215F157C4054AFDFF56C1ED4,
					FC634D2F6BC7961EA072EADE,
					70BCA69C315EE5F39EFEA4BF,
					5C81DFCC7ECAA359023B7893,
					DF4E9CFB30A2559FE6219D74,
					EB3C479873A755A25C4C841F,
					D7CE82992433EAB30231C9DD, ); runOnlyForDeploymentPostprocessing = 0; };
		69313BDF28E85400F740BB4D = {isa = PBXNativeTarget; buildConfigurationList = AB0A101228C417A2EF11CCCC; buildPhases = (
					6CB448578CAD6642E48D7A5A,
					9CC2ABF60C4AF708D5AEE114,
					CD49911484FF65D990A04FA4, ); buildRules = ( ); dependencies = (  ); name = "Aserve 2.0 - App"; productName = "Aserve 2.0"; productReference = 9EB2C15535DE75A486292E33; productType = "com.apple.product-type.application"; };
		5285740092F0F982F89A376E = {isa = PBXProject; buildConfigurationList = 0F1C117104108BD2AE167353; attributes = { LastUpgradeCheck = 0930; ORGANIZATIONNAME = ""; TargetAttributes = { 69313BDF28E85400F740BB4D = { SystemCapabilities = {com.apple.ApplicationGroups.iOS = { enabled = 0; }; com.apple.InAppPurchase = { enabled = 0; }; com.apple.InterAppAudio = { enabled = 0; }; com.apple.Push = { enabled = 0; }; com.apple.Sandbox = { enabled = 0; }; }; }; }; }; compatibilityVersion = "Xcode 3.2"; hasScannedForEncodings = 0; mainGroup = C3B87BD133B05A6777F170B2; projectDirPath = ""; projectRoot = ""; targets = (69313BDF28E85400F740BB4D); };
	};
	rootObject = 5285740092F0F982F89A376E;
}
